github.com/joho/godotenv v1.5.1 h1:7eLL/+HRGLY0ldzfGMeQkb7vMd0as4CfYvUVzLqw0N0=
github.com/joho/godotenv v1.5.1/go.mod h1:f4LDr5Voq0i2e/R5DDNOoa2zzDfwtkZa6DnEwAbqwq4=
github.com/roidaradal/fn v0.1.20 h1:MxxRHHVTe9JhlgMXJRXYCHQXvQvvt0SQbezsMQlstAs=
github.com/roidaradal/fn v0.1.20/go.mod h1:wJ0MXmwWSccv/r2xGRCNxwuh03681TGDm9ttE/KmAqY=
github.com/roidaradal/fn v0.2.0 h1:GTvWgDniPi9d8fFi66NgBAdDh8Gd5OKtT98NkonnjxY=
github.com/roidaradal/fn v0.2.0/go.mod h1:wJ0MXmwWSccv/r2xGRCNxwuh03681TGDm9ttE/KmAqY=
golang.org/x/exp v0.0.0-20250531010427-b6e5de432a8b h1:QoALfVG9rhQ/M7vYDScfPdWjGL9dlsVVM5VGh7aKoAA=
golang.org/x/exp v0.0.0-20250531010427-b6e5de432a8b/go.mod h1:U6Lno4MTRCDY+Ba7aCcauB9T60gsv5s4ralQzP72ZoQ=
golang.org/x/exp v0.0.0-20250606033433-dcc06ee1d476 h1:bsqhLWFR6G6xiQcb+JoGqdKdRU6WzPWmK8E0jxTjzo4=
golang.org/x/exp v0.0.0-20250606033433-dcc06ee1d476/go.mod h1:3//PLf8L/X+8b4vuAfHzxeRUl04Adcb341+IGKfnqS8=
gonum.org/v1/gonum v0.16.0 h1:5+ul4Swaf3ESvrOnidPp4GZbzf0mxVQpDCYUQE7OJfk=
gonum.org/v1/gonum v0.16.0/go.mod h1:fef3am4MQ93R2HHpKnLk4/Tbh/s0+wqD5nfa6Pnwy4E=
